
Microsoft Visual Studio Solution File, Format Version 12.00
# Visual Studio 15
VisualStudioVersion = 15.0.28307.1169
MinimumVisualStudioVersion = 10.0.40219.1
Project("{FAE04EC0-301F-11D3-BF4B-00C04F79EFBC}") = "ScheduleDemo", "ScheduleDemo\ScheduleDemo.csproj", "{0FFB25C3-2060-41CF-8F4A-78740E3FCBEA}"
EndProject
Global
	GlobalSection(SolutionConfigurationPlatforms) = preSolution
		Debug|Any CPU = Debug|Any CPU
		Release|Any CPU = Release|Any CPU
	EndGlobalSection
	GlobalSection(ProjectConfigurationPlatforms) = postSolution
		{0FFB25C3-2060-41CF-8F4A-78740E3FCBEA}.Debug|Any CPU.ActiveCfg = Debug|Any CPU
		{0FFB25C3-2060-41CF-8F4A-78740E3FCBEA}.Debug|Any CPU.Build.0 = Debug|Any CPU
		{0FFB25C3-2060-41CF-8F4A-78740E3FCBEA}.Release|Any CPU.ActiveCfg = Release|Any CPU
		{0FFB25C3-2060-41CF-8F4A-78740E3FCBEA}.Release|Any CPU.Build.0 = Release|Any CPU
	EndGlobalSection
	GlobalSection(SolutionProperties) = preSolution
		HideSolutionNode = FALSE
	EndGlobalSection
	GlobalSection(ExtensibilityGlobals) = postSolution
		SolutionGuid = {8A778285-E409-415C-AA30-E819EE8A771F}
	EndGlobalSection
EndGlobal
